
Microsoft Visual Studio Solution File, Format Version 12.00
# Visual Studio Version 16
VisualStudioVersion = 16.0.31205.134
MinimumVisualStudioVersion = 10.0.40219.1
Project("{FAE04EC0-301F-11D3-BF4B-00C04F79EFBC}") = "ChessRules", "ChessRules\ChessRules.csproj", "{88C82547-4BE2-46FD-894B-3EF788DCCFE4}"
EndProject
Project("{FAE04EC0-301F-11D3-BF4B-00C04F79EFBC}") = "ChessDemo", "ChessDemo\ChessDemo.csproj", "{5B330D2B-89E2-4995-9B94-C3348299DB9B}"
EndProject
Global
	GlobalSection(SolutionConfigurationPlatforms) = preSolution
		Debug|Any CPU = Debug|Any CPU
		Release|Any CPU = Release|Any CPU
	EndGlobalSection
	GlobalSection(ProjectConfigurationPlatforms) = postSolution
		{88C82547-4BE2-46FD-894B-3EF788DCCFE4}.Debug|Any CPU.ActiveCfg = Debug|Any CPU
		{88C82547-4BE2-46FD-894B-3EF788DCCFE4}.Debug|Any CPU.Build.0 = Debug|Any CPU
		{88C82547-4BE2-46FD-894B-3EF788DCCFE4}.Release|Any CPU.ActiveCfg = Release|Any CPU
		{88C82547-4BE2-46FD-894B-3EF788DCCFE4}.Release|Any CPU.Build.0 = Release|Any CPU
		{5B330D2B-89E2-4995-9B94-C3348299DB9B}.Debug|Any CPU.ActiveCfg = Debug|Any CPU
		{5B330D2B-89E2-4995-9B94-C3348299DB9B}.Debug|Any CPU.Build.0 = Debug|Any CPU
		{5B330D2B-89E2-4995-9B94-C3348299DB9B}.Release|Any CPU.ActiveCfg = Release|Any CPU
		{5B330D2B-89E2-4995-9B94-C3348299DB9B}.Release|Any CPU.Build.0 = Release|Any CPU
	EndGlobalSection
	GlobalSection(SolutionProperties) = preSolution
		HideSolutionNode = FALSE
	EndGlobalSection
	GlobalSection(ExtensibilityGlobals) = postSolution
		SolutionGuid = {9C9C89CB-97F5-4088-8B77-A1B73BB1F89A}
	EndGlobalSection
EndGlobal
